Microsoft Visual Studio Solution File, Format Version 12.00
# Visual Studio Version 17
VisualStudioVersion = 17.5.2.0
MinimumVisualStudioVersion = 10.0.40219.1
Project("{FAE04EC0-301F-11D3-BF4B-00C04F79EFBC}") = "DatabaseConfigDemo", "DatabaseConfigDemo.csproj", "{EFFD1C09-90AA-EAC2-54CC-05F1C687989E}"
EndProject
Global
	GlobalSection(SolutionConfigurationPlatforms) = preSolution
		Debug|Any CPU = Debug|Any CPU
		Release|Any CPU = Release|Any CPU
	EndGlobalSection
	GlobalSection(ProjectConfigurationPlatforms) = postSolution
		{EFFD1C09-90AA-EAC2-54CC-05F1C687989E}.Debug|Any CPU.ActiveCfg = Debug|Any CPU
		{EFFD1C09-90AA-EAC2-54CC-05F1C687989E}.Debug|Any CPU.Build.0 = Debug|Any CPU
		{EFFD1C09-90AA-EAC2-54CC-05F1C687989E}.Release|Any CPU.ActiveCfg = Release|Any CPU
		{EFFD1C09-90AA-EAC2-54CC-05F1C687989E}.Release|Any CPU.Build.0 = Release|Any CPU
	EndGlobalSection
	GlobalSection(SolutionProperties) = preSolution
		HideSolutionNode = FALSE
	EndGlobalSection
	GlobalSection(ExtensibilityGlobals) = postSolution
		SolutionGuid = {FFE1176C-1D29-4A3D-893F-6D45A2CCA733}
	EndGlobalSection
EndGlobal
